<?xml version="1.0" encoding="UTF-8"?>
<Scheme
   version = "1.3">
   <BuildAction>
      <BuildActionEntries>
         <BuildActionEntry
            buildForRunning = "YES">
            <BuildableReference
               BuildableIdentifier = "primary"
               BlueprintIdentifier = "490926E0253987A200018A0F"
               BuildableName = "8_SwiftyWords.app"
               BlueprintName = "8_SwiftyWords"
               ReferencedContainer = "container:8_SwiftyWords.xcodeproj">
            </BuildableReference>
         </BuildActionEntry>
      </BuildActionEntries>
   </BuildAction>
   <LaunchAction
      useCustomWorkingDirectory = "NO"
      buildConfiguration = "Debug"
      allowLocationSimulation = "YES">
      <BuildableProductRunnable>
         <BuildableReference
            BuildableIdentifier = "primary"
            BlueprintIdentifier = "490926E0253987A200018A0F"
            BuildableName = "8_SwiftyWords.app"
            BlueprintName = "8_SwiftyWords"
            ReferencedContainer = "container:8_SwiftyWords.xcodeproj">
         </BuildableReference>
      </BuildableProductRunnable>
   </LaunchAction>
</Scheme>
